// !$*UTF8*$!
{
	archiveVersion = 1;
	classes = {
	};
	objectVersion = 56;
	objects = {

/* Begin PBXBuildFile section */
		725953A12A43B56700EFECE9 /* users.json in Resources */ = {isa = PBXBuildFile; fileRef = 725953A02A43B56600EFECE9 /* users.json */; };
		725953A32A43B59A00EFECE9 /* LocalService.swift in Sources */ = {isa = PBXBuildFile; fileRef = 725953A22A43B59A00EFECE9 /* LocalService.swift */; };
		725953A52A43B70500EFECE9 /* NetworkService.swift in Sources */ = {isa = PBXBuildFile; fileRef = 725953A42A43B70500EFECE9 /* NetworkService.swift */; };
		7273D1352A43AE63003E3D79 /* UserViewModel.swift in Sources */ = {isa = PBXBuildFile; fileRef = 7273D1342A43AE63003E3D79 /* UserViewModel.swift */; };
		7273D1382A43B090003E3D79 /* Constants.swift in Sources */ = {isa = PBXBuildFile; fileRef = 7273D1372A43B090003E3D79 /* Constants.swift */; };
		72EFA93F2A43A5E30065BF23 /* NetworkInterchangableApp.swift in Sources */ = {isa = PBXBuildFile; fileRef = 72EFA93E2A43A5E30065BF23 /* NetworkInterchangableApp.swift */; };
		72EFA9412A43A5E30065BF23 /* ContentView.swift in Sources */ = {isa = PBXBuildFile; fileRef = 72EFA9402A43A5E30065BF23 /* ContentView.swift */; };
		72EFA9432A43A5E50065BF23 /* Assets.xcassets in Resources */ = {isa = PBXBuildFile; fileRef = 72EFA9422A43A5E50065BF23 /* Assets.xcassets */; };
		72EFA9462A43A5E50065BF23 /* Preview Assets.xcassets in Resources */ = {isa = PBXBuildFile; fileRef = 72EFA9452A43A5E50065BF23 /* Preview Assets.xcassets */; };
		72EFA94F2A43A67F0065BF23 /* UserModel.swift in Sources */ = {isa = PBXBuildFile; fileRef = 72EFA94E2A43A67F0065BF23 /* UserModel.swift */; };
		72EFA9522A43A6C60065BF23 /* Webservice.swift in Sources */ = {isa = PBXBuildFile; fileRef = 72EFA9512A43A6C60065BF23 /* Webservice.swift */; };
/* End PBXBuildFile section */

/* Begin PBXFileReference section */
		725953A02A43B56600EFECE9 /* users.json */ = {isa = PBXFileReference; fileEncoding = 4; lastKnownFileType = text.json; path = users.json; sourceTree = "<group>"; };
		725953A22A43B59A00EFECE9 /* LocalService.swift */ = {isa = PBXFileReference; lastKnownFileType = sourcecode.swift; path = LocalService.swift; sourceTree = "<group>"; };
		725953A42A43B70500EFECE9 /* NetworkService.swift */ = {isa = PBXFileReference; lastKnownFileType = sourcecode.swift; path = NetworkService.swift; sourceTree = "<group>"; };
		7273D1342A43AE63003E3D79 /* UserViewModel.swift */ = {isa = PBXFileReference; lastKnownFileType = sourcecode.swift; path = UserViewModel.swift; sourceTree = "<group>"; };
		7273D1372A43B090003E3D79 /* Constants.swift */ = {isa = PBXFileReference; lastKnownFileType = sourcecode.swift; path = Constants.swift; sourceTree = "<group>"; };
		72EFA93B2A43A5E30065BF23 /* NetworkInterchangable.app */ = {isa = PBXFileReference; explicitFileType = wrapper.application; includeInIndex = 0; path = NetworkInterchangable.app; sourceTree = BUILT_PRODUCTS_DIR; };
		72EFA93E2A43A5E30065BF23 /* NetworkInterchangableApp.swift */ = {isa = PBXFileReference; lastKnownFileType = sourcecode.swift; path = NetworkInterchangableApp.swift; sourceTree = "<group>"; };
		72EFA9402A43A5E30065BF23 /* ContentView.swift */ = {isa = PBXFileReference; lastKnownFileType = sourcecode.swift; path = ContentView.swift; sourceTree = "<group>"; };
		72EFA9422A43A5E50065BF23 /* Assets.xcassets */ = {isa = PBXFileReference; lastKnownFileType = folder.assetcatalog; path = Assets.xcassets; sourceTree = "<group>"; };
		72EFA9452A43A5E50065BF23 /* Preview Assets.xcassets */ = {isa = PBXFileReference; lastKnownFileType = folder.assetcatalog; path = "Preview Assets.xcassets"; sourceTree = "<group>"; };
		72EFA94E2A43A67F0065BF23 /* UserModel.swift */ = {isa = PBXFileReference; lastKnownFileType = sourcecode.swift; path = UserModel.swift; sourceTree = "<group>"; };
		72EFA9512A43A6C60065BF23 /* Webservice.swift */ = {isa = PBXFileReference; lastKnownFileType = sourcecode.swift; path = Webservice.swift; sourceTree = "<group>"; };
/* End PBXFileReference section */

/* Begin PBXFrameworksBuildPhase section */
		72EFA9382A43A5E30065BF23 /* Frameworks */ = {
			isa = PBXFrameworksBuildPhase;
			buildActionMask = 2147483647;
			files = (
			);
			runOnlyForDeploymentPostprocessing = 0;
		};
/* End PBXFrameworksBuildPhase section */

/* Begin PBXGroup section */
		7273D1362A43B064003E3D79 /* Constants */ = {
			isa = PBXGroup;
			children = (
				7273D1372A43B090003E3D79 /* Constants.swift */,
			);
			path = Constants;
			sourceTree = "<group>";
		};
		72EFA9322A43A5E30065BF23 = {
			isa = PBXGroup;
			children = (
				72EFA93D2A43A5E30065BF23 /* NetworkInterchangable */,
				72EFA93C2A43A5E30065BF23 /* Products */,
			);
			sourceTree = "<group>";
		};
		72EFA93C2A43A5E30065BF23 /* Products */ = {
			isa = PBXGroup;
			children = (
				72EFA93B2A43A5E30065BF23 /* NetworkInterchangable.app */,
			);
			name = Products;
			sourceTree = "<group>";
		};
		72EFA93D2A43A5E30065BF23 /* NetworkInterchangable */ = {
			isa = PBXGroup;
			children = (
				725953A02A43B56600EFECE9 /* users.json */,
				7273D1362A43B064003E3D79 /* Constants */,
				72EFA9532A43A6DA0065BF23 /* ViewModel */,
				72EFA9502A43A6A10065BF23 /* Service */,
				72EFA94D2A43A65E0065BF23 /* Model */,
				72EFA93E2A43A5E30065BF23 /* NetworkInterchangableApp.swift */,
				72EFA9402A43A5E30065BF23 /* ContentView.swift */,
				72EFA9422A43A5E50065BF23 /* Assets.xcassets */,
				72EFA9442A43A5E50065BF23 /* Preview Content */,
			);
			path = NetworkInterchangable;
			sourceTree = "<group>";
		};
		72EFA9442A43A5E50065BF23 /* Preview Content */ = {
			isa = PBXGroup;
			children = (
				72EFA9452A43A5E50065BF23 /* Preview Assets.xcassets */,
			);
			path = "Preview Content";
			sourceTree = "<group>";
		};
		72EFA94D2A43A65E0065BF23 /* Model */ = {
			isa = PBXGroup;
			children = (
				72EFA94E2A43A67F0065BF23 /* UserModel.swift */,
			);
			path = Model;
			sourceTree = "<group>";
		};
		72EFA9502A43A6A10065BF23 /* Service */ = {
			isa = PBXGroup;
			children = (
				72EFA9512A43A6C60065BF23 /* Webservice.swift */,
				725953A22A43B59A00EFECE9 /* LocalService.swift */,
				725953A42A43B70500EFECE9 /* NetworkService.swift */,
			);
			path = Service;
			sourceTree = "<group>";
		};
		72EFA9532A43A6DA0065BF23 /* ViewModel */ = {
			isa = PBXGroup;
			children = (
				7273D1342A43AE63003E3D79 /* UserViewModel.swift */,
			);
			path = ViewModel;
			sourceTree = "<group>";
		};
/* End PBXGroup section */

/* Begin PBXNativeTarget section */
		72EFA93A2A43A5E30065BF23 /* NetworkInterchangable */ = {
			isa = PBXNativeTarget;
			buildConfigurationList = 72EFA9492A43A5E50065BF23 /* Build configuration list for PBXNativeTarget "NetworkInterchangable" */;
			buildPhases = (
				72EFA9372A43A5E30065BF23 /* Sources */,
				72EFA9382A43A5E30065BF23 /* Frameworks */,
				72EFA9392A43A5E30065BF23 /* Resources */,
			);
			buildRules = (
			);
			dependencies = (
			);
			name = NetworkInterchangable;
			productName = NetworkInterchangable;
			productReference = 72EFA93B2A43A5E30065BF23 /* NetworkInterchangable.app */;
			productType = "com.apple.product-type.application";
		};
/* End PBXNativeTarget section */

/* Begin PBXProject section */
		72EFA9332A43A5E30065BF23 /* Project object */ = {
			isa = PBXProject;
			attributes = {
				BuildIndependentTargetsInParallel = 1;
				LastSwiftUpdateCheck = 1430;
				LastUpgradeCheck = 1430;
				TargetAttributes = {
					72EFA93A2A43A5E30065BF23 = {
						CreatedOnToolsVersion = 14.3.1;
					};
				};
			};
			buildConfigurationList = 72EFA9362A43A5E30065BF23 /* Build configuration list for PBXProject "NetworkInterchangable" */;
			compatibilityVersion = "Xcode 14.0";
			developmentRegion = en;
			hasScannedForEncodings = 0;
			knownRegions = (
				en,
				Base,
			);
			mainGroup = 72EFA9322A43A5E30065BF23;
			productRefGroup = 72EFA93C2A43A5E30065BF23 /* Products */;
			projectDirPath = "";
			projectRoot = "";
			targets = (
				72EFA93A2A43A5E30065BF23 /* NetworkInterchangable */,
			);
		};
/* End PBXProject section */

/* Begin PBXResourcesBuildPhase section */
		72EFA9392A43A5E30065BF23 /* Resources */ = {
			isa = PBXResourcesBuildPhase;
			buildActionMask = 2147483647;
			files = (
				725953A12A43B56700EFECE9 /* users.json in Resources */,
				72EFA9462A43A5E50065BF23 /* Preview Assets.xcassets in Resources */,
				72EFA9432A43A5E50065BF23 /* Assets.xcassets in Resources */,
			);
			runOnlyForDeploymentPostprocessing = 0;
		};
/* End PBXResourcesBuildPhase section */

/* Begin PBXSourcesBuildPhase section */
		72EFA9372A43A5E30065BF23 /* Sources */ = {
			isa = PBXSourcesBuildPhase;
			buildActionMask = 2147483647;
			files = (
				72EFA9412A43A5E30065BF23 /* ContentView.swift in Sources */,
				72EFA94F2A43A67F0065BF23 /* UserModel.swift in Sources */,
				725953A52A43B70500EFECE9 /* NetworkService.swift in Sources */,
				72EFA9522A43A6C60065BF23 /* Webservice.swift in Sources */,
				7273D1352A43AE63003E3D79 /* UserViewModel.swift in Sources */,
				72EFA93F2A43A5E30065BF23 /* NetworkInterchangableApp.swift in Sources */,
				725953A32A43B59A00EFECE9 /* LocalService.swift in Sources */,
				7273D1382A43B090003E3D79 /* Constants.swift in Sources */,
			);
			runOnlyForDeploymentPostprocessing = 0;
		};
/* End PBXSourcesBuildPhase section */

/* Begin XCBuildConfiguration section */
		72EFA9472A43A5E50065BF23 /* Debug */ = {
			isa = XCBuildConfiguration;
			buildSettings = {
				ALWAYS_SEARCH_USER_PATHS = NO;
				CLANG_ANALYZER_NONNULL = YES;
				CLANG_ANALYZER_NUMBER_OBJECT_CONVERSION = YES_AGGRESSIVE;
				CLANG_CXX_LANGUAGE_STANDARD = "gnu++20";
				CLANG_ENABLE_MODULES = YES;
				CLANG_ENABLE_OBJC_ARC = YES;
				CLANG_ENABLE_OBJC_WEAK = YES;
				CLANG_WARN_BLOCK_CAPTURE_AUTORELEASING = YES;
				CLANG_WARN_BOOL_CONVERSION = YES;
				CLANG_WARN_COMMA = YES;
				CLANG_WARN_CONSTANT_CONVERSION = YES;
				CLANG_WARN_DEPRECATED_OBJC_IMPLEMENTATIONS = YES;
				CLANG_WARN_DIRECT_OBJC_ISA_USAGE = YES_ERROR;
				CLANG_WARN_DOCUMENTATION_COMMENTS = YES;
				CLANG_WARN_EMPTY_BODY = YES;
				CLANG_WARN_ENUM_CONVERSION = YES;
				CLANG_WARN_INFINITE_RECURSION = YES;
				CLANG_WARN_INT_CONVERSION = YES;
				CLANG_WARN_NON_LITERAL_NULL_CONVERSION = YES;
				CLANG_WARN_OBJC_IMPLICIT_RETAIN_SELF = YES;
				CLANG_WARN_OBJC_LITERAL_CONVERSION = YES;
				CLANG_WARN_OBJC_ROOT_CLASS = YES_ERROR;
				CLANG_WARN_QUOTED_INCLUDE_IN_FRAMEWORK_HEADER = YES;
				CLANG_WARN_RANGE_LOOP_ANALYSIS = YES;
				CLANG_WARN_STRICT_PROTOTYPES = YES;
				CLANG_WARN_SUSPICIOUS_MOVE = YES;
				CLANG_WARN_UNGUARDED_AVAILABILITY = YES_AGGRESSIVE;
				CLANG_WARN_UNREACHABLE_CODE = YES;
				CLANG_WARN__DUPLICATE_METHOD_MATCH = YES;
				COPY_PHASE_STRIP = NO;
				DEBUG_INFORMATION_FORMAT = dwarf;
				ENABLE_STRICT_OBJC_MSGSEND = YES;
				ENABLE_TESTABILITY = YES;
				GCC_C_LANGUAGE_STANDARD = gnu11;
				GCC_DYNAMIC_NO_PIC = NO;
				GCC_NO_COMMON_BLOCKS = YES;
				GCC_OPTIMIZATION_LEVEL = 0;
				GCC_PREPROCESSOR_DEFINITIONS = (
					"DEBUG=1",
					"$(inherited)",
				);
				GCC_WARN_64_TO_32_BIT_CONVERSION = YES;
				GCC_WARN_ABOUT_RETURN_TYPE = YES_ERROR;
				GCC_WARN_UNDECLARED_SELECTOR = YES;
				GCC_WARN_UNINITIALIZED_AUTOS = YES_AGGRESSIVE;
				GCC_WARN_UNUSED_FUNCTION = YES;
				GCC_WARN_UNUSED_VARIABLE = YES;
				IPHONEOS_DEPLOYMENT_TARGET = 16.4;
				MTL_ENABLE_DEBUG_INFO = INCLUDE_SOURCE;
				MTL_FAST_MATH = YES;
				ONLY_ACTIVE_ARCH = YES;
				SDKROOT = iphoneos;
				SWIFT_ACTIVE_COMPILATION_CONDITIONS = DEBUG;
				SWIFT_OPTIMIZATION_LEVEL = "-Onone";
			};
			name = Debug;
		};
		72EFA9482A43A5E50065BF23 /* Release */ = {
			isa = XCBuildConfiguration;
			buildSettings = {
				ALWAYS_SEARCH_USER_PATHS = NO;
				CLANG_ANALYZER_NONNULL = YES;
				CLANG_ANALYZER_NUMBER_OBJECT_CONVERSION = YES_AGGRESSIVE;
				CLANG_CXX_LANGUAGE_STANDARD = "gnu++20";
				CLANG_ENABLE_MODULES = YES;
				CLANG_ENABLE_OBJC_ARC = YES;
				CLANG_ENABLE_OBJC_WEAK = YES;
				CLANG_WARN_BLOCK_CAPTURE_AUTORELEASING = YES;
				CLANG_WARN_BOOL_CONVERSION = YES;
				CLANG_WARN_COMMA = YES;
				CLANG_WARN_CONSTANT_CONVERSION = YES;
				CLANG_WARN_DEPRECATED_OBJC_IMPLEMENTATIONS = YES;
				CLANG_WARN_DIRECT_OBJC_ISA_USAGE = YES_ERROR;
				CLANG_WARN_DOCUMENTATION_COMMENTS = YES;
				CLANG_WARN_EMPTY_BODY = YES;
				CLANG_WARN_ENUM_CONVERSION = YES;
				CLANG_WARN_INFINITE_RECURSION = YES;
				CLANG_WARN_INT_CONVERSION = YES;
				CLANG_WARN_NON_LITERAL_NULL_CONVERSION = YES;
				CLANG_WARN_OBJC_IMPLICIT_RETAIN_SELF = YES;
				CLANG_WARN_OBJC_LITERAL_CONVERSION = YES;
				CLANG_WARN_OBJC_ROOT_CLASS = YES_ERROR;
				CLANG_WARN_QUOTED_INCLUDE_IN_FRAMEWORK_HEADER = YES;
				CLANG_WARN_RANGE_LOOP_ANALYSIS = YES;
				CLANG_WARN_STRICT_PROTOTYPES = YES;
				CLANG_WARN_SUSPICIOUS_MOVE = YES;
				CLANG_WARN_UNGUARDED_AVAILABILITY = YES_AGGRESSIVE;
				CLANG_WARN_UNREACHABLE_CODE = YES;
				CLANG_WARN__DUPLICATE_METHOD_MATCH = YES;
				COPY_PHASE_STRIP = NO;
				DEBUG_INFORMATION_FORMAT = "dwarf-with-dsym";
				ENABLE_NS_ASSERTIONS = NO;
				ENABLE_STRICT_OBJC_MSGSEND = YES;
				GCC_C_LANGUAGE_STANDARD = gnu11;
				GCC_NO_COMMON_BLOCKS = YES;
				GCC_WARN_64_TO_32_BIT_CONVERSION = YES;
				GCC_WARN_ABOUT_RETURN_TYPE = YES_ERROR;
				GCC_WARN_UNDECLARED_SELECTOR = YES;
				GCC_WARN_UNINITIALIZED_AUTOS = YES_AGGRESSIVE;
				GCC_WARN_UNUSED_FUNCTION = YES;
				GCC_WARN_UNUSED_VARIABLE = YES;
				IPHONEOS_DEPLOYMENT_TARGET = 16.4;
				MTL_ENABLE_DEBUG_INFO = NO;
				MTL_FAST_MATH = YES;
				SDKROOT = iphoneos;
				SWIFT_COMPILATION_MODE = wholemodule;
				SWIFT_OPTIMIZATION_LEVEL = "-O";
				VALIDATE_PRODUCT = YES;
			};
			name = Release;
		};
		72EFA94A2A43A5E50065BF23 /* Debug */ = {
			isa = XCBuildConfiguration;
			buildSettings = {
				ASSETCATALOG_COMPILER_APPICON_NAME = AppIcon;
				ASSETCATALOG_COMPILER_GLOBAL_ACCENT_COLOR_NAME = AccentColor;
				CODE_SIGN_STYLE = Automatic;
				CURRENT_PROJECT_VERSION = 1;
				DEVELOPMENT_ASSET_PATHS = "\"NetworkInterchangable/Preview Content\"";
				DEVELOPMENT_TEAM = 635TR4RZ4A;
				ENABLE_PREVIEWS = YES;
				GENERATE_INFOPLIST_FILE = YES;
				INFOPLIST_KEY_UIApplicationSceneManifest_Generation = YES;
				INFOPLIST_KEY_UIApplicationSupportsIndirectInputEvents = YES;
				INFOPLIST_KEY_UILaunchScreen_Generation = YES;
				INFOPLIST_KEY_UISupportedInterfaceOrientations_iPad = "UIInterfaceOrientationPortrait UIInterfaceOrientationPortraitUpsideDown UIInterfaceOrientationLandscapeLeft UIInterfaceOrientationLandscapeRight";
				INFOPLIST_KEY_UISupportedInterfaceOrientations_iPhone = "UIInterfaceOrientationPortrait UIInterfaceOrientationLandscapeLeft UIInterfaceOrientationLandscapeRight";
				LD_RUNPATH_SEARCH_PATHS = (
					"$(inherited)",
					"@executable_path/Frameworks",
				);
				MARKETING_VERSION = 1.0;
				PRODUCT_BUNDLE_IDENTIFIER = gurelyusuf.NetworkInterchangable;
				PRODUCT_NAME = "$(TARGET_NAME)";
				SWIFT_EMIT_LOC_STRINGS = YES;
				SWIFT_VERSION = 5.0;
				TARGETED_DEVICE_FAMILY = "1,2";
			};
			name = Debug;
		};
		72EFA94B2A43A5E50065BF23 /* Release */ = {
			isa = XCBuildConfiguration;
			buildSettings = {
				ASSETCATALOG_COMPILER_APPICON_NAME = AppIcon;
				ASSETCATALOG_COMPILER_GLOBAL_ACCENT_COLOR_NAME = AccentColor;
				CODE_SIGN_STYLE = Automatic;
				CURRENT_PROJECT_VERSION = 1;
				DEVELOPMENT_ASSET_PATHS = "\"NetworkInterchangable/Preview Content\"";
				DEVELOPMENT_TEAM = 635TR4RZ4A;
				ENABLE_PREVIEWS = YES;
				GENERATE_INFOPLIST_FILE = YES;
				INFOPLIST_KEY_UIApplicationSceneManifest_Generation = YES;
				INFOPLIST_KEY_UIApplicationSupportsIndirectInputEvents = YES;
				INFOPLIST_KEY_UILaunchScreen_Generation = YES;
				INFOPLIST_KEY_UISupportedInterfaceOrientations_iPad = "UIInterfaceOrientationPortrait UIInterfaceOrientationPortraitUpsideDown UIInterfaceOrientationLandscapeLeft UIInterfaceOrientationLandscapeRight";
				INFOPLIST_KEY_UISupportedInterfaceOrientations_iPhone = "UIInterfaceOrientationPortrait UIInterfaceOrientationLandscapeLeft UIInterfaceOrientationLandscapeRight";
				LD_RUNPATH_SEARCH_PATHS = (
					"$(inherited)",
					"@executable_path/Frameworks",
				);
				MARKETING_VERSION = 1.0;
				PRODUCT_BUNDLE_IDENTIFIER = gurelyusuf.NetworkInterchangable;
				PRODUCT_NAME = "$(TARGET_NAME)";
				SWIFT_EMIT_LOC_STRINGS = YES;
				SWIFT_VERSION = 5.0;
				TARGETED_DEVICE_FAMILY = "1,2";
			};
			name = Release;
		};
/* End XCBuildConfiguration section */

/* Begin XCConfigurationList section */
		72EFA9362A43A5E30065BF23 /* Build configuration list for PBXProject "NetworkInterchangable" */ = {
			isa = XCConfigurationList;
			buildConfigurations = (
				72EFA9472A43A5E50065BF23 /* Debug */,
				72EFA9482A43A5E50065BF23 /* Release */,
			);
			defaultConfigurationIsVisible = 0;
			defaultConfigurationName = Release;
		};
		72EFA9492A43A5E50065BF23 /* Build configuration list for PBXNativeTarget "NetworkInterchangable" */ = {
			isa = XCConfigurationList;
			buildConfigurations = (
				72EFA94A2A43A5E50065BF23 /* Debug */,
				72EFA94B2A43A5E50065BF23 /* Release */,
			);
			defaultConfigurationIsVisible = 0;
			defaultConfigurationName = Release;
		};
/* End XCConfigurationList section */
	};
	rootObject = 72EFA9332A43A5E30065BF23 /* Project object */;
}
